
Microsoft Visual Studio Solution File, Format Version 12.00
# Visual Studio Version 16
VisualStudioVersion = 16.0.30114.105
MinimumVisualStudioVersion = 10.0.40219.1
Project("{FAE04EC0-301F-11D3-BF4B-00C04F79EFBC}") = "API", "API\API.csproj", "{363463F7-BF46-4EFC-B1AA-A843158FB482}"
EndProject
Project("{FAE04EC0-301F-11D3-BF4B-00C04F79EFBC}") = "Application", "Application\Application.csproj", "{FE7C5FDC-60E8-47AB-8CA7-4BD5F932F2B5}"
EndProject
Project("{FAE04EC0-301F-11D3-BF4B-00C04F79EFBC}") = "Persistence", "Persistence\Persistence.csproj", "{6AF9D9A6-2791-49CD-A04E-2A3B9C84CED6}"
EndProject
Project("{FAE04EC0-301F-11D3-BF4B-00C04F79EFBC}") = "Domain", "Domain\Domain.csproj", "{9DE405C3-D6C3-4E6C-8E0A-1C6978BE87EF}"
EndProject
Global
	GlobalSection(SolutionConfigurationPlatforms) = preSolution
		Debug|Any CPU = Debug|Any CPU
		Debug|x64 = Debug|x64
		Debug|x86 = Debug|x86
		Release|Any CPU = Release|Any CPU
		Release|x64 = Release|x64
		Release|x86 = Release|x86
	EndGlobalSection
	GlobalSection(SolutionProperties) = preSolution
		HideSolutionNode = FALSE
	EndGlobalSection
	GlobalSection(ProjectConfigurationPlatforms) = postSolution
		{363463F7-BF46-4EFC-B1AA-A843158FB482}.Debug|Any CPU.ActiveCfg = Debug|Any CPU
		{363463F7-BF46-4EFC-B1AA-A843158FB482}.Debug|Any CPU.Build.0 = Debug|Any CPU
		{363463F7-BF46-4EFC-B1AA-A843158FB482}.Debug|x64.ActiveCfg = Debug|Any CPU
		{363463F7-BF46-4EFC-B1AA-A843158FB482}.Debug|x64.Build.0 = Debug|Any CPU
		{363463F7-BF46-4EFC-B1AA-A843158FB482}.Debug|x86.ActiveCfg = Debug|Any CPU
		{363463F7-BF46-4EFC-B1AA-A843158FB482}.Debug|x86.Build.0 = Debug|Any CPU
		{363463F7-BF46-4EFC-B1AA-A843158FB482}.Release|Any CPU.ActiveCfg = Release|Any CPU
		{363463F7-BF46-4EFC-B1AA-A843158FB482}.Release|Any CPU.Build.0 = Release|Any CPU
		{363463F7-BF46-4EFC-B1AA-A843158FB482}.Release|x64.ActiveCfg = Release|Any CPU
		{363463F7-BF46-4EFC-B1AA-A843158FB482}.Release|x64.Build.0 = Release|Any CPU
		{363463F7-BF46-4EFC-B1AA-A843158FB482}.Release|x86.ActiveCfg = Release|Any CPU
		{363463F7-BF46-4EFC-B1AA-A843158FB482}.Release|x86.Build.0 = Release|Any CPU
		{FE7C5FDC-60E8-47AB-8CA7-4BD5F932F2B5}.Debug|Any CPU.ActiveCfg = Debug|Any CPU
		{FE7C5FDC-60E8-47AB-8CA7-4BD5F932F2B5}.Debug|Any CPU.Build.0 = Debug|Any CPU
		{FE7C5FDC-60E8-47AB-8CA7-4BD5F932F2B5}.Debug|x64.ActiveCfg = Debug|Any CPU
		{FE7C5FDC-60E8-47AB-8CA7-4BD5F932F2B5}.Debug|x64.Build.0 = Debug|Any CPU
		{FE7C5FDC-60E8-47AB-8CA7-4BD5F932F2B5}.Debug|x86.ActiveCfg = Debug|Any CPU
		{FE7C5FDC-60E8-47AB-8CA7-4BD5F932F2B5}.Debug|x86.Build.0 = Debug|Any CPU
		{FE7C5FDC-60E8-47AB-8CA7-4BD5F932F2B5}.Release|Any CPU.ActiveCfg = Release|Any CPU
		{FE7C5FDC-60E8-47AB-8CA7-4BD5F932F2B5}.Release|Any CPU.Build.0 = Release|Any CPU
		{FE7C5FDC-60E8-47AB-8CA7-4BD5F932F2B5}.Release|x64.ActiveCfg = Release|Any CPU
		{FE7C5FDC-60E8-47AB-8CA7-4BD5F932F2B5}.Release|x64.Build.0 = Release|Any CPU
		{FE7C5FDC-60E8-47AB-8CA7-4BD5F932F2B5}.Release|x86.ActiveCfg = Release|Any CPU
		{FE7C5FDC-60E8-47AB-8CA7-4BD5F932F2B5}.Release|x86.Build.0 = Release|Any CPU
		{6AF9D9A6-2791-49CD-A04E-2A3B9C84CED6}.Debug|Any CPU.ActiveCfg = Debug|Any CPU
		{6AF9D9A6-2791-49CD-A04E-2A3B9C84CED6}.Debug|Any CPU.Build.0 = Debug|Any CPU
		{6AF9D9A6-2791-49CD-A04E-2A3B9C84CED6}.Debug|x64.ActiveCfg = Debug|Any CPU
		{6AF9D9A6-2791-49CD-A04E-2A3B9C84CED6}.Debug|x64.Build.0 = Debug|Any CPU
		{6AF9D9A6-2791-49CD-A04E-2A3B9C84CED6}.Debug|x86.ActiveCfg = Debug|Any CPU
		{6AF9D9A6-2791-49CD-A04E-2A3B9C84CED6}.Debug|x86.Build.0 = Debug|Any CPU
		{6AF9D9A6-2791-49CD-A04E-2A3B9C84CED6}.Release|Any CPU.ActiveCfg = Release|Any CPU
		{6AF9D9A6-2791-49CD-A04E-2A3B9C84CED6}.Release|Any CPU.Build.0 = Release|Any CPU
		{6AF9D9A6-2791-49CD-A04E-2A3B9C84CED6}.Release|x64.ActiveCfg = Release|Any CPU
		{6AF9D9A6-2791-49CD-A04E-2A3B9C84CED6}.Release|x64.Build.0 = Release|Any CPU
		{6AF9D9A6-2791-49CD-A04E-2A3B9C84CED6}.Release|x86.ActiveCfg = Release|Any CPU
		{6AF9D9A6-2791-49CD-A04E-2A3B9C84CED6}.Release|x86.Build.0 = Release|Any CPU
		{9DE405C3-D6C3-4E6C-8E0A-1C6978BE87EF}.Debug|Any CPU.ActiveCfg = Debug|Any CPU
		{9DE405C3-D6C3-4E6C-8E0A-1C6978BE87EF}.Debug|Any CPU.Build.0 = Debug|Any CPU
		{9DE405C3-D6C3-4E6C-8E0A-1C6978BE87EF}.Debug|x64.ActiveCfg = Debug|Any CPU
		{9DE405C3-D6C3-4E6C-8E0A-1C6978BE87EF}.Debug|x64.Build.0 = Debug|Any CPU
		{9DE405C3-D6C3-4E6C-8E0A-1C6978BE87EF}.Debug|x86.ActiveCfg = Debug|Any CPU
		{9DE405C3-D6C3-4E6C-8E0A-1C6978BE87EF}.Debug|x86.Build.0 = Debug|Any CPU
		{9DE405C3-D6C3-4E6C-8E0A-1C6978BE87EF}.Release|Any CPU.ActiveCfg = Release|Any CPU
		{9DE405C3-D6C3-4E6C-8E0A-1C6978BE87EF}.Release|Any CPU.Build.0 = Release|Any CPU
		{9DE405C3-D6C3-4E6C-8E0A-1C6978BE87EF}.Release|x64.ActiveCfg = Release|Any CPU
		{9DE405C3-D6C3-4E6C-8E0A-1C6978BE87EF}.Release|x64.Build.0 = Release|Any CPU
		{9DE405C3-D6C3-4E6C-8E0A-1C6978BE87EF}.Release|x86.ActiveCfg = Release|Any CPU
		{9DE405C3-D6C3-4E6C-8E0A-1C6978BE87EF}.Release|x86.Build.0 = Release|Any CPU
	EndGlobalSection
EndGlobal
